
Microsoft Visual Studio Solution File, Format Version 12.00
# Visual Studio Version 17
VisualStudioVersion = 17.2.32602.215
MinimumVisualStudioVersion = 10.0.40219.1
Project("{9A19103F-16F7-4668-BE54-9A1E7A4F7556}") = "CafeManagementSystem", "CafeManagementSystem\CafeManagementSystem.csproj", "{A69346BF-48BC-440C-A757-41FCDC99ED2A}"
EndProject
Global
	GlobalSection(SolutionConfigurationPlatforms) = preSolution
		Debug|Any CPU = Debug|Any CPU
		Release|Any CPU = Release|Any CPU
	EndGlobalSection
	GlobalSection(ProjectConfigurationPlatforms) = postSolution
		{A69346BF-48BC-440C-A757-41FCDC99ED2A}.Debug|Any CPU.ActiveCfg = Debug|Any CPU
		{A69346BF-48BC-440C-A757-41FCDC99ED2A}.Debug|Any CPU.Build.0 = Debug|Any CPU
		{A69346BF-48BC-440C-A757-41FCDC99ED2A}.Release|Any CPU.ActiveCfg = Release|Any CPU
		{A69346BF-48BC-440C-A757-41FCDC99ED2A}.Release|Any CPU.Build.0 = Release|Any CPU
	EndGlobalSection
	GlobalSection(SolutionProperties) = preSolution
		HideSolutionNode = FALSE
	EndGlobalSection
	GlobalSection(ExtensibilityGlobals) = postSolution
		SolutionGuid = {18DEBE80-63E2-42C4-8086-22CC88B26B57}
	EndGlobalSection
EndGlobal
